
Microsoft Visual Studio Solution File, Format Version 12.00
# Visual Studio Version 17
VisualStudioVersion = 17.2.32602.215
MinimumVisualStudioVersion = 10.0.40219.1
Project("{FAE04EC0-301F-11D3-BF4B-00C04F79EFBC}") = "MoveTo", "MoveTo\MoveTo.csproj", "{B16E245F-7A99-48F5-879F-F0EFE624E8C7}"
EndProject
Global
	GlobalSection(SolutionConfigurationPlatforms) = preSolution
		Debug|Any CPU = Debug|Any CPU
		Release|Any CPU = Release|Any CPU
	EndGlobalSection
	GlobalSection(ProjectConfigurationPlatforms) = postSolution
		{B16E245F-7A99-48F5-879F-F0EFE624E8C7}.Debug|Any CPU.ActiveCfg = Debug|Any CPU
		{B16E245F-7A99-48F5-879F-F0EFE624E8C7}.Debug|Any CPU.Build.0 = Debug|Any CPU
		{B16E245F-7A99-48F5-879F-F0EFE624E8C7}.Release|Any CPU.ActiveCfg = Release|Any CPU
		{B16E245F-7A99-48F5-879F-F0EFE624E8C7}.Release|Any CPU.Build.0 = Release|Any CPU
	EndGlobalSection
	GlobalSection(SolutionProperties) = preSolution
		HideSolutionNode = FALSE
	EndGlobalSection
	GlobalSection(ExtensibilityGlobals) = postSolution
		SolutionGuid = {8C29670B-00FB-4552-A509-429EE09A8897}
	EndGlobalSection
EndGlobal
